
Microsoft Visual Studio Solution File, Format Version 12.00
Project("{FAE04EC0-301F-11D3-BF4B-00C04F79EFBC}") = "API", "API\API.csproj", "{F8C656A2-9439-477E-938D-CE2A22C890F7}"
EndProject
Project("{2150E333-8FDC-42A3-9474-1A3956D46DE8}") = "Root", "Root", "{5C74A372-CBED-41CF-BA05-B7A54711958A}"
	ProjectSection(SolutionItems) = preProject
		compose.yaml = compose.yaml
	EndProjectSection
EndProject
Global
	GlobalSection(SolutionConfigurationPlatforms) = preSolution
		Debug|Any CPU = Debug|Any CPU
		Release|Any CPU = Release|Any CPU
	EndGlobalSection
	GlobalSection(ProjectConfigurationPlatforms) = postSolution
		{F8C656A2-9439-477E-938D-CE2A22C890F7}.Debug|Any CPU.ActiveCfg = Debug|Any CPU
		{F8C656A2-9439-477E-938D-CE2A22C890F7}.Debug|Any CPU.Build.0 = Debug|Any CPU
		{F8C656A2-9439-477E-938D-CE2A22C890F7}.Release|Any CPU.ActiveCfg = Release|Any CPU
		{F8C656A2-9439-477E-938D-CE2A22C890F7}.Release|Any CPU.Build.0 = Release|Any CPU
	EndGlobalSection
EndGlobal
